
Microsoft Visual Studio Solution File, Format Version 12.00
# Visual Studio 2013
VisualStudioVersion = 12.0.21005.1
MinimumVisualStudioVersion = 10.0.40219.1
Project("{9092AA53-FB77-4645-B42D-1CCCA6BD08BD}") = "myApp", "myApp.njsproj", "{1F712B2C-2DC0-4A5E-BF47-41273B4F05C3}"
EndProject
Global
	GlobalSection(TeamFoundationVersionControl) = preSolution
		SccNumberOfProjects = 1
		SccEnterpriseProvider = {4CA58AB2-18FA-4F8D-95D4-32DDF27D184C}
		SccTeamFoundationServer = https://sermahyounes.visualstudio.com/defaultcollection
		SccProjectUniqueName0 = myApp.njsproj
		SccProjectName0 = .
		SccAuxPath0 = https://sermahyounes.visualstudio.com/defaultcollection
		SccLocalPath0 = .
		SccProvider0 = {4CA58AB2-18FA-4F8D-95D4-32DDF27D184C}
	EndGlobalSection
	GlobalSection(SolutionConfigurationPlatforms) = preSolution
		Debug|Any CPU = Debug|Any CPU
		Release|Any CPU = Release|Any CPU
	EndGlobalSection
	GlobalSection(ProjectConfigurationPlatforms) = postSolution
		{1F712B2C-2DC0-4A5E-BF47-41273B4F05C3}.Debug|Any CPU.ActiveCfg = Debug|Any CPU
		{1F712B2C-2DC0-4A5E-BF47-41273B4F05C3}.Debug|Any CPU.Build.0 = Debug|Any CPU
		{1F712B2C-2DC0-4A5E-BF47-41273B4F05C3}.Release|Any CPU.ActiveCfg = Release|Any CPU
		{1F712B2C-2DC0-4A5E-BF47-41273B4F05C3}.Release|Any CPU.Build.0 = Release|Any CPU
	EndGlobalSection
	GlobalSection(SolutionProperties) = preSolution
		HideSolutionNode = FALSE
	EndGlobalSection
EndGlobal
